
Microsoft Visual Studio Solution File, Format Version 12.00
# Visual Studio 2013
VisualStudioVersion = 12.0.31101.0
MinimumVisualStudioVersion = 10.0.40219.1
Project("{FAE04EC0-301F-11D3-BF4B-00C04F79EFBC}") = "HelloWorld.ConsoleApplication", "HelloWorld.ConsoleApplication\HelloWorld.ConsoleApplication.csproj", "{4992B44F-7528-4A6E-8686-01F93267313C}"
EndProject
Project("{FAE04EC0-301F-11D3-BF4B-00C04F79EFBC}") = "HelloWorld.Tests", "HelloWorld.Tests\HelloWorld.Tests.csproj", "{322DF601-4FB1-466F-8960-DAFF6162BF99}"
EndProject
Project("{FAE04EC0-301F-11D3-BF4B-00C04F79EFBC}") = "HelloWorld.WpfClient", "HelloWorld.WpfClient\HelloWorld.WpfClient.csproj", "{E399EDC5-BB6E-40A0-BEE7-3F4842507183}"
EndProject
Project("{FAE04EC0-301F-11D3-BF4B-00C04F79EFBC}") = "HelloWorld.Threadaffinität", "HelloWorld.Threadaffinität\HelloWorld.Threadaffinität.csproj", "{65F330E1-D5A0-4B67-881E-9D0BC9BA367A}"
EndProject
Project("{FAE04EC0-301F-11D3-BF4B-00C04F79EFBC}") = "HelloWorld.Threading", "HelloWorld.Threading\HelloWorld.Threading.csproj", "{88B13EEE-42FC-46D2-AE6B-5EAEE7356160}"
EndProject
Project("{FAE04EC0-301F-11D3-BF4B-00C04F79EFBC}") = "UndoWithMementoPattern", "UndoWithMementoPattern\UndoWithMementoPattern.csproj", "{0A71E7EA-47FE-4E55-8BCC-9E1129147799}"
EndProject
Project("{8BC9CEB8-8B4A-11D0-8D11-00A0C91BC942}") = "HelloWorld.Cpp", "HelloWorld.Cpp\HelloWorld.Cpp.vcxproj", "{7FA49A1E-316B-4029-8658-F7A066BB959A}"
EndProject
Project("{8BC9CEB8-8B4A-11D0-8D11-00A0C91BC942}") = "GildedRoseInCpp", "GildedRoseInCpp\GildedRoseInCpp.vcxproj", "{5E353B4F-FB5F-48D0-AE78-B461CC327875}"
EndProject
Project("{FAE04EC0-301F-11D3-BF4B-00C04F79EFBC}") = "GildedRoseDataBinding", "GildedRoseDataBinding\GildedRoseDataBinding.csproj", "{CC0CF8C8-3C29-415C-BAE2-0B855912CBF0}"
EndProject
Global
	GlobalSection(SolutionConfigurationPlatforms) = preSolution
		Debug|Any CPU = Debug|Any CPU
		Debug|Mixed Platforms = Debug|Mixed Platforms
		Debug|Win32 = Debug|Win32
		Release|Any CPU = Release|Any CPU
		Release|Mixed Platforms = Release|Mixed Platforms
		Release|Win32 = Release|Win32
	EndGlobalSection
	GlobalSection(ProjectConfigurationPlatforms) = postSolution
		{4992B44F-7528-4A6E-8686-01F93267313C}.Debug|Any CPU.ActiveCfg = Debug|Any CPU
		{4992B44F-7528-4A6E-8686-01F93267313C}.Debug|Any CPU.Build.0 = Debug|Any CPU
		{4992B44F-7528-4A6E-8686-01F93267313C}.Debug|Mixed Platforms.ActiveCfg = Debug|Any CPU
		{4992B44F-7528-4A6E-8686-01F93267313C}.Debug|Mixed Platforms.Build.0 = Debug|Any CPU
		{4992B44F-7528-4A6E-8686-01F93267313C}.Debug|Win32.ActiveCfg = Debug|Any CPU
		{4992B44F-7528-4A6E-8686-01F93267313C}.Release|Any CPU.ActiveCfg = Release|Any CPU
		{4992B44F-7528-4A6E-8686-01F93267313C}.Release|Any CPU.Build.0 = Release|Any CPU
		{4992B44F-7528-4A6E-8686-01F93267313C}.Release|Mixed Platforms.ActiveCfg = Release|Any CPU
		{4992B44F-7528-4A6E-8686-01F93267313C}.Release|Mixed Platforms.Build.0 = Release|Any CPU
		{4992B44F-7528-4A6E-8686-01F93267313C}.Release|Win32.ActiveCfg = Release|Any CPU
		{322DF601-4FB1-466F-8960-DAFF6162BF99}.Debug|Any CPU.ActiveCfg = Debug|Any CPU
		{322DF601-4FB1-466F-8960-DAFF6162BF99}.Debug|Any CPU.Build.0 = Debug|Any CPU
		{322DF601-4FB1-466F-8960-DAFF6162BF99}.Debug|Mixed Platforms.ActiveCfg = Debug|Any CPU
		{322DF601-4FB1-466F-8960-DAFF6162BF99}.Debug|Mixed Platforms.Build.0 = Debug|Any CPU
		{322DF601-4FB1-466F-8960-DAFF6162BF99}.Debug|Win32.ActiveCfg = Debug|Any CPU
		{322DF601-4FB1-466F-8960-DAFF6162BF99}.Release|Any CPU.ActiveCfg = Release|Any CPU
		{322DF601-4FB1-466F-8960-DAFF6162BF99}.Release|Any CPU.Build.0 = Release|Any CPU
		{322DF601-4FB1-466F-8960-DAFF6162BF99}.Release|Mixed Platforms.ActiveCfg = Release|Any CPU
		{322DF601-4FB1-466F-8960-DAFF6162BF99}.Release|Mixed Platforms.Build.0 = Release|Any CPU
		{322DF601-4FB1-466F-8960-DAFF6162BF99}.Release|Win32.ActiveCfg = Release|Any CPU
		{E399EDC5-BB6E-40A0-BEE7-3F4842507183}.Debug|Any CPU.ActiveCfg = Debug|Any CPU
		{E399EDC5-BB6E-40A0-BEE7-3F4842507183}.Debug|Any CPU.Build.0 = Debug|Any CPU
		{E399EDC5-BB6E-40A0-BEE7-3F4842507183}.Debug|Mixed Platforms.ActiveCfg = Debug|Any CPU
		{E399EDC5-BB6E-40A0-BEE7-3F4842507183}.Debug|Mixed Platforms.Build.0 = Debug|Any CPU
		{E399EDC5-BB6E-40A0-BEE7-3F4842507183}.Debug|Win32.ActiveCfg = Debug|Any CPU
		{E399EDC5-BB6E-40A0-BEE7-3F4842507183}.Release|Any CPU.ActiveCfg = Release|Any CPU
		{E399EDC5-BB6E-40A0-BEE7-3F4842507183}.Release|Any CPU.Build.0 = Release|Any CPU
		{E399EDC5-BB6E-40A0-BEE7-3F4842507183}.Release|Mixed Platforms.ActiveCfg = Release|Any CPU
		{E399EDC5-BB6E-40A0-BEE7-3F4842507183}.Release|Mixed Platforms.Build.0 = Release|Any CPU
		{E399EDC5-BB6E-40A0-BEE7-3F4842507183}.Release|Win32.ActiveCfg = Release|Any CPU
		{65F330E1-D5A0-4B67-881E-9D0BC9BA367A}.Debug|Any CPU.ActiveCfg = Debug|Any CPU
		{65F330E1-D5A0-4B67-881E-9D0BC9BA367A}.Debug|Any CPU.Build.0 = Debug|Any CPU
		{65F330E1-D5A0-4B67-881E-9D0BC9BA367A}.Debug|Mixed Platforms.ActiveCfg = Debug|Any CPU
		{65F330E1-D5A0-4B67-881E-9D0BC9BA367A}.Debug|Mixed Platforms.Build.0 = Debug|Any CPU
		{65F330E1-D5A0-4B67-881E-9D0BC9BA367A}.Debug|Win32.ActiveCfg = Debug|Any CPU
		{65F330E1-D5A0-4B67-881E-9D0BC9BA367A}.Release|Any CPU.ActiveCfg = Release|Any CPU
		{65F330E1-D5A0-4B67-881E-9D0BC9BA367A}.Release|Any CPU.Build.0 = Release|Any CPU
		{65F330E1-D5A0-4B67-881E-9D0BC9BA367A}.Release|Mixed Platforms.ActiveCfg = Release|Any CPU
		{65F330E1-D5A0-4B67-881E-9D0BC9BA367A}.Release|Mixed Platforms.Build.0 = Release|Any CPU
		{65F330E1-D5A0-4B67-881E-9D0BC9BA367A}.Release|Win32.ActiveCfg = Release|Any CPU
		{88B13EEE-42FC-46D2-AE6B-5EAEE7356160}.Debug|Any CPU.ActiveCfg = Debug|Any CPU
		{88B13EEE-42FC-46D2-AE6B-5EAEE7356160}.Debug|Any CPU.Build.0 = Debug|Any CPU
		{88B13EEE-42FC-46D2-AE6B-5EAEE7356160}.Debug|Mixed Platforms.ActiveCfg = Debug|Any CPU
		{88B13EEE-42FC-46D2-AE6B-5EAEE7356160}.Debug|Mixed Platforms.Build.0 = Debug|Any CPU
		{88B13EEE-42FC-46D2-AE6B-5EAEE7356160}.Debug|Win32.ActiveCfg = Debug|Any CPU
		{88B13EEE-42FC-46D2-AE6B-5EAEE7356160}.Release|Any CPU.ActiveCfg = Release|Any CPU
		{88B13EEE-42FC-46D2-AE6B-5EAEE7356160}.Release|Any CPU.Build.0 = Release|Any CPU
		{88B13EEE-42FC-46D2-AE6B-5EAEE7356160}.Release|Mixed Platforms.ActiveCfg = Release|Any CPU
		{88B13EEE-42FC-46D2-AE6B-5EAEE7356160}.Release|Mixed Platforms.Build.0 = Release|Any CPU
		{88B13EEE-42FC-46D2-AE6B-5EAEE7356160}.Release|Win32.ActiveCfg = Release|Any CPU
		{0A71E7EA-47FE-4E55-8BCC-9E1129147799}.Debug|Any CPU.ActiveCfg = Debug|Any CPU
		{0A71E7EA-47FE-4E55-8BCC-9E1129147799}.Debug|Any CPU.Build.0 = Debug|Any CPU
		{0A71E7EA-47FE-4E55-8BCC-9E1129147799}.Debug|Mixed Platforms.ActiveCfg = Debug|Any CPU
		{0A71E7EA-47FE-4E55-8BCC-9E1129147799}.Debug|Mixed Platforms.Build.0 = Debug|Any CPU
		{0A71E7EA-47FE-4E55-8BCC-9E1129147799}.Debug|Win32.ActiveCfg = Debug|Any CPU
		{0A71E7EA-47FE-4E55-8BCC-9E1129147799}.Release|Any CPU.ActiveCfg = Release|Any CPU
		{0A71E7EA-47FE-4E55-8BCC-9E1129147799}.Release|Any CPU.Build.0 = Release|Any CPU
		{0A71E7EA-47FE-4E55-8BCC-9E1129147799}.Release|Mixed Platforms.ActiveCfg = Release|Any CPU
		{0A71E7EA-47FE-4E55-8BCC-9E1129147799}.Release|Mixed Platforms.Build.0 = Release|Any CPU
		{0A71E7EA-47FE-4E55-8BCC-9E1129147799}.Release|Win32.ActiveCfg = Release|Any CPU
		{7FA49A1E-316B-4029-8658-F7A066BB959A}.Debug|Any CPU.ActiveCfg = Debug|Win32
		{7FA49A1E-316B-4029-8658-F7A066BB959A}.Debug|Mixed Platforms.ActiveCfg = Debug|Win32
		{7FA49A1E-316B-4029-8658-F7A066BB959A}.Debug|Mixed Platforms.Build.0 = Debug|Win32
		{7FA49A1E-316B-4029-8658-F7A066BB959A}.Debug|Win32.ActiveCfg = Debug|Win32
		{7FA49A1E-316B-4029-8658-F7A066BB959A}.Debug|Win32.Build.0 = Debug|Win32
		{7FA49A1E-316B-4029-8658-F7A066BB959A}.Release|Any CPU.ActiveCfg = Release|Win32
		{7FA49A1E-316B-4029-8658-F7A066BB959A}.Release|Mixed Platforms.ActiveCfg = Release|Win32
		{7FA49A1E-316B-4029-8658-F7A066BB959A}.Release|Mixed Platforms.Build.0 = Release|Win32
		{7FA49A1E-316B-4029-8658-F7A066BB959A}.Release|Win32.ActiveCfg = Release|Win32
		{7FA49A1E-316B-4029-8658-F7A066BB959A}.Release|Win32.Build.0 = Release|Win32
		{5E353B4F-FB5F-48D0-AE78-B461CC327875}.Debug|Any CPU.ActiveCfg = Debug|Win32
		{5E353B4F-FB5F-48D0-AE78-B461CC327875}.Debug|Mixed Platforms.ActiveCfg = Debug|Win32
		{5E353B4F-FB5F-48D0-AE78-B461CC327875}.Debug|Mixed Platforms.Build.0 = Debug|Win32
		{5E353B4F-FB5F-48D0-AE78-B461CC327875}.Debug|Win32.ActiveCfg = Debug|Win32
		{5E353B4F-FB5F-48D0-AE78-B461CC327875}.Debug|Win32.Build.0 = Debug|Win32
		{5E353B4F-FB5F-48D0-AE78-B461CC327875}.Release|Any CPU.ActiveCfg = Release|Win32
		{5E353B4F-FB5F-48D0-AE78-B461CC327875}.Release|Mixed Platforms.ActiveCfg = Release|Win32
		{5E353B4F-FB5F-48D0-AE78-B461CC327875}.Release|Mixed Platforms.Build.0 = Release|Win32
		{5E353B4F-FB5F-48D0-AE78-B461CC327875}.Release|Win32.ActiveCfg = Release|Win32
		{5E353B4F-FB5F-48D0-AE78-B461CC327875}.Release|Win32.Build.0 = Release|Win32
		{CC0CF8C8-3C29-415C-BAE2-0B855912CBF0}.Debug|Any CPU.ActiveCfg = Debug|Any CPU
		{CC0CF8C8-3C29-415C-BAE2-0B855912CBF0}.Debug|Any CPU.Build.0 = Debug|Any CPU
		{CC0CF8C8-3C29-415C-BAE2-0B855912CBF0}.Debug|Mixed Platforms.ActiveCfg = Debug|Any CPU
		{CC0CF8C8-3C29-415C-BAE2-0B855912CBF0}.Debug|Mixed Platforms.Build.0 = Debug|Any CPU
		{CC0CF8C8-3C29-415C-BAE2-0B855912CBF0}.Debug|Win32.ActiveCfg = Debug|Any CPU
		{CC0CF8C8-3C29-415C-BAE2-0B855912CBF0}.Release|Any CPU.ActiveCfg = Release|Any CPU
		{CC0CF8C8-3C29-415C-BAE2-0B855912CBF0}.Release|Any CPU.Build.0 = Release|Any CPU
		{CC0CF8C8-3C29-415C-BAE2-0B855912CBF0}.Release|Mixed Platforms.ActiveCfg = Release|Any CPU
		{CC0CF8C8-3C29-415C-BAE2-0B855912CBF0}.Release|Mixed Platforms.Build.0 = Release|Any CPU
		{CC0CF8C8-3C29-415C-BAE2-0B855912CBF0}.Release|Win32.ActiveCfg = Release|Any CPU
	EndGlobalSection
	GlobalSection(SolutionProperties) = preSolution
		HideSolutionNode = FALSE
	EndGlobalSection
EndGlobal
